# This file is automatically @generated by Cargo.
# It is not intended for manual editing.
version = 4

[[package]]
name = "osl-cli"
version = "0.1.0"
dependencies = [
 "osl-core",
 "osl-sim",
 "osl-waveform",
]

[[package]]
name = "osl-core"
version = "0.1.0"

[[package]]
name = "osl-sim"
version = "0.1.0"
dependencies = [
 "osl-core",
]

[[package]]
name = "osl-waveform"
version = "0.1.0"
dependencies = [
 "osl-core",
]
